
Microsoft Visual Studio Solution File, Format Version 12.00
# Visual Studio Version 17
VisualStudioVersion = 17.2.32616.157
MinimumVisualStudioVersion = 10.0.40219.1
Project("{FAE04EC0-301F-11D3-BF4B-00C04F79EFBC}") = "HarryPotter-API-MVVM", "HarryPotter-API-MVVM\HarryPotter-API-MVVM.csproj", "{AA107056-41D2-4FEF-B66A-7AB751B6BC74}"
EndProject
Global
	GlobalSection(SolutionConfigurationPlatforms) = preSolution
		Debug|Any CPU = Debug|Any CPU
		Release|Any CPU = Release|Any CPU
	EndGlobalSection
	GlobalSection(ProjectConfigurationPlatforms) = postSolution
		{AA107056-41D2-4FEF-B66A-7AB751B6BC74}.Debug|Any CPU.ActiveCfg = Debug|Any CPU
		{AA107056-41D2-4FEF-B66A-7AB751B6BC74}.Debug|Any CPU.Build.0 = Debug|Any CPU
		{AA107056-41D2-4FEF-B66A-7AB751B6BC74}.Release|Any CPU.ActiveCfg = Release|Any CPU
		{AA107056-41D2-4FEF-B66A-7AB751B6BC74}.Release|Any CPU.Build.0 = Release|Any CPU
	EndGlobalSection
	GlobalSection(SolutionProperties) = preSolution
		HideSolutionNode = FALSE
	EndGlobalSection
	GlobalSection(ExtensibilityGlobals) = postSolution
		SolutionGuid = {20AAD3AD-73C3-44EB-B3B2-F0ECC736E2FB}
	EndGlobalSection
EndGlobal
