
Microsoft Visual Studio Solution File, Format Version 12.00
# Visual Studio Version 17
VisualStudioVersion = 17.2.32616.157
MinimumVisualStudioVersion = 10.0.40219.1
Project("{FAE04EC0-301F-11D3-BF4B-00C04F79EFBC}") = "HarryPotterPrism", "HarryPotterPrism\HarryPotterPrism.csproj", "{0FCDE420-4421-45FF-A94C-6E6BA104DE87}"
EndProject
Global
	GlobalSection(SolutionConfigurationPlatforms) = preSolution
		Debug|Any CPU = Debug|Any CPU
		Release|Any CPU = Release|Any CPU
	EndGlobalSection
	GlobalSection(ProjectConfigurationPlatforms) = postSolution
		{0FCDE420-4421-45FF-A94C-6E6BA104DE87}.Debug|Any CPU.ActiveCfg = Debug|Any CPU
		{0FCDE420-4421-45FF-A94C-6E6BA104DE87}.Debug|Any CPU.Build.0 = Debug|Any CPU
		{0FCDE420-4421-45FF-A94C-6E6BA104DE87}.Release|Any CPU.ActiveCfg = Release|Any CPU
		{0FCDE420-4421-45FF-A94C-6E6BA104DE87}.Release|Any CPU.Build.0 = Release|Any CPU
	EndGlobalSection
	GlobalSection(SolutionProperties) = preSolution
		HideSolutionNode = FALSE
	EndGlobalSection
	GlobalSection(ExtensibilityGlobals) = postSolution
		SolutionGuid = {30F116D1-B636-4599-84B7-0FEC2A96003A}
	EndGlobalSection
EndGlobal
